
Microsoft Visual Studio Solution File, Format Version 12.00
# Visual Studio Version 17
VisualStudioVersion = 17.6.33723.286
MinimumVisualStudioVersion = 10.0.40219.1
Project("{FAE04EC0-301F-11D3-BF4B-00C04F79EFBC}") = "Win10 Tweek", "Win10 Tweek\Win10 Tweek.csproj", "{DA4B1F57-C833-4A31-9FFB-03301833FCA4}"
EndProject
Global
	GlobalSection(SolutionConfigurationPlatforms) = preSolution
		Debug|Any CPU = Debug|Any CPU
		Release|Any CPU = Release|Any CPU
	EndGlobalSection
	GlobalSection(ProjectConfigurationPlatforms) = postSolution
		{DA4B1F57-C833-4A31-9FFB-03301833FCA4}.Debug|Any CPU.ActiveCfg = Debug|Any CPU
		{DA4B1F57-C833-4A31-9FFB-03301833FCA4}.Debug|Any CPU.Build.0 = Debug|Any CPU
		{DA4B1F57-C833-4A31-9FFB-03301833FCA4}.Release|Any CPU.ActiveCfg = Release|Any CPU
		{DA4B1F57-C833-4A31-9FFB-03301833FCA4}.Release|Any CPU.Build.0 = Release|Any CPU
	EndGlobalSection
	GlobalSection(SolutionProperties) = preSolution
		HideSolutionNode = FALSE
	EndGlobalSection
	GlobalSection(ExtensibilityGlobals) = postSolution
		SolutionGuid = {2B13E58B-E6E8-4E5F-BDBD-808C4E83BDB2}
	EndGlobalSection
EndGlobal
